<?xml version="1.0" encoding="utf-8"?>
<Project ToolsVersion="4.0" xmlns="http://schemas.microsoft.com/developer/msbuild/2003">
  <ItemGroup>
    <Filter Include="Source Files">
      <UniqueIdentifier>{4FC737F1-C7A5-4376-A066-2A32D752A2FF}</UniqueIdentifier>
      <Extensions>cpp;c;cc;cxx;def;odl;idl;hpj;bat;asm;asmx</Extensions>
    </Filter>
    <Filter Include="Header Files">
      <UniqueIdentifier>{93995380-89BD-4b04-88EB-625FBE52EBFB}</UniqueIdentifier>
      <Extensions>h;hpp;hxx;hm;inl;inc;xsd</Extensions>
    </Filter>
    <Filter Include="Resource Files">
      <UniqueIdentifier>{67DA6AB6-F800-4c08-8B7A-83BB121AAD01}</UniqueIdentifier>
      <Extensions>rc;ico;cur;bmp;dlg;rc2;rct;bin;rgs;gif;jpg;jpeg;jpe;resx;tiff;tif;png;wav;mfcribbon-ms</Extensions>
    </Filter>
    <Filter Include="Resource Files\Memory">
      <UniqueIdentifier>{2b49e49a-ea7b-485c-be6c-13d9b9d53abe}</UniqueIdentifier>
    </Filter>
    <Filter Include="Resource Files\Comm">
      <UniqueIdentifier>{730ed9d7-da3a-46ef-88c1-a04be5eaf229}</UniqueIdentifier>
    </Filter>
  </ItemGroup>
  <ItemGroup>
    <ClInclude Include="driver.h">
      <Filter>Header Files</Filter>
    </ClInclude>
    <ClInclude Include="globals.h">
      <Filter>Header Files</Filter>
    </ClInclude>
    <ClInclude Include="memory.hpp">
      <Filter>Resource Files\Memory</Filter>
    </ClInclude>
    <ClInclude Include="memoryhelper.hpp">
      <Filter>Resource Files\Memory</Filter>
    </ClInclude>
    <ClInclude Include="communication.hpp">
      <Filter>Resource Files\Comm</Filter>
    </ClInclude>
    <ClInclude Include="registry.hpp">
      <Filter>Resource Files\Comm</Filter>
    </ClInclude>
    <ClInclude Include="Ustruct.h">
      <Filter>Header Files</Filter>
    </ClInclude>
    <ClInclude Include="bootstrap.h">
      <Filter>Header Files</Filter>
    </ClInclude>
    <ClInclude Include="includes.h">
      <Filter>Header Files</Filter>
    </ClInclude>
    <ClInclude Include="EXPORTS.h">
      <Filter>Header Files</Filter>
    </ClInclude>
    <ClInclude Include="NTOS.h">
      <Filter>Header Files</Filter>
    </ClInclude>
    <ClInclude Include="ia32.h">
      <Filter>Header Files</Filter>
    </ClInclude>
    <ClInclude Include="c_xor.h">
      <Filter>Header Files</Filter>
    </ClInclude>
    <ClInclude Include="callstack.h">
      <Filter>Header Files</Filter>
    </ClInclude>
    <ClInclude Include="encrypt.h">
      <Filter>Header Files</Filter>
    </ClInclude>
    <ClInclude Include="imports.h">
      <Filter>Header Files</Filter>
    </ClInclude>
    <ClInclude Include="oxorany.h">
      <Filter>Header Files</Filter>
    </ClInclude>
    <ClInclude Include="oxorany_include.h">
      <Filter>Header Files</Filter>
    </ClInclude>
    <ClInclude Include="key.h">
      <Filter>Header Files</Filter>
    </ClInclude>
    <ClInclude Include="cr3bypass\cr3.h">
      <Filter>Header Files</Filter>
    </ClInclude>
    <ClInclude Include="cr3bypass\Helper.h">
      <Filter>Header Files</Filter>
    </ClInclude>
    <ClInclude Include="cr3bypass\import.h">
      <Filter>Header Files</Filter>
    </ClInclude>
    <ClInclude Include="cr3bypass\imports.h">
      <Filter>Header Files</Filter>
    </ClInclude>
    <ClInclude Include="cr3bypass\memory.hpp">
      <Filter>Header Files</Filter>
    </ClInclude>
    <ClInclude Include="cr3bypass\read.h">
      <Filter>Header Files</Filter>
    </ClInclude>
    <ClInclude Include="cr3bypass\structs.h">
      <Filter>Header Files</Filter>
    </ClInclude>
  </ItemGroup>
  <ItemGroup>
    <ClCompile Include="driver.cpp">
      <Filter>Source Files</Filter>
    </ClCompile>
    <ClCompile Include="bootstrap.cpp">
      <Filter>Source Files</Filter>
    </ClCompile>
    <ClCompile Include="EXPORTS.cpp">
      <Filter>Source Files</Filter>
    </ClCompile>
    <ClCompile Include="NTOS.cpp">
      <Filter>Source Files</Filter>
    </ClCompile>
    <ClCompile Include="oxorany.cpp">
      <Filter>Source Files</Filter>
    </ClCompile>
    <ClCompile Include="cr3bypass\cr3.cpp">
      <Filter>Source Files</Filter>
    </ClCompile>
    <ClCompile Include="cr3bypass\Helper.cpp">
      <Filter>Source Files</Filter>
    </ClCompile>
    <ClCompile Include="cr3bypass\read.cpp">
      <Filter>Source Files</Filter>
    </ClCompile>
    <ClCompile Include="cr3bypass\structs.cpp">
      <Filter>Source Files</Filter>
    </ClCompile>
  </ItemGroup>
</Project>